
Microsoft Visual Studio Solution File, Format Version 12.00
# Visual Studio Version 16
VisualStudioVersion = 16.0.29806.167
MinimumVisualStudioVersion = 10.0.40219.1
Project("{FAE04EC0-301F-11D3-BF4B-00C04F79EFBC}") = "PLII.cv1", "PLII.cv1\PLII.cv1.csproj", "{13F288B7-2AC5-4A68-8F5C-982552BD4C09}"
EndProject
Project("{FAE04EC0-301F-11D3-BF4B-00C04F79EFBC}") = "PLII.cv1.UI", "PLII.cv1.UI\PLII.cv1.UI.csproj", "{372C7D68-9C9F-49B1-8685-D1449145458D}"
EndProject
Project("{FAE04EC0-301F-11D3-BF4B-00C04F79EFBC}") = "PLII.cv2", "PLII.cv2\PLII.cv2.csproj", "{B12A1240-BB18-4822-A8AE-ADAC4E320C2F}"
EndProject
Project("{FAE04EC0-301F-11D3-BF4B-00C04F79EFBC}") = "PLII.cv2.UI", "PLII.cv2.UI\PLII.cv2.UI.csproj", "{E168F71D-76D2-4D04-89A6-D7074165A3B3}"
EndProject
Project("{9A19103F-16F7-4668-BE54-9A1E7A4F7556}") = "PLII.cv3.UI", "PLII.cv3.UI\PLII.cv3.UI.csproj", "{29A728B2-D16C-4F80-8F7B-787B917E4F04}"
EndProject
Project("{9A19103F-16F7-4668-BE54-9A1E7A4F7556}") = "PLII.cv3", "PLII.cv3\PLII.cv3.csproj", "{AB54F7A4-253B-4477-BD8B-8F8B2879D2FF}"
EndProject
Project("{9A19103F-16F7-4668-BE54-9A1E7A4F7556}") = "PLII.cv4", "PLII.cv4\PLII.cv4.csproj", "{F144279B-C374-4F5A-BD3D-C53835AD1410}"
EndProject
Project("{9A19103F-16F7-4668-BE54-9A1E7A4F7556}") = "PLII.cv4.UI", "PLII.cv4.UI\PLII.cv4.UI.csproj", "{921A1DFA-C57B-488A-9B80-5E661327D9F1}"
EndProject
Project("{9A19103F-16F7-4668-BE54-9A1E7A4F7556}") = "PLII.cv5.UI", "PLII.cv5.UI\PLII.cv5.UI.csproj", "{9FF1B468-A25D-4756-BAAA-B449EE1A2162}"
EndProject
Project("{9A19103F-16F7-4668-BE54-9A1E7A4F7556}") = "PLII.cv6", "PLII.cv6\PLII.cv6.csproj", "{7EE3D807-8426-4C37-A0DE-974115EFC4A7}"
EndProject
Project("{9A19103F-16F7-4668-BE54-9A1E7A4F7556}") = "PLII.cv6.UI", "PLII.cv6.UI\PLII.cv6.UI.csproj", "{CEC38FD5-B602-4C5C-AE9C-27641612831E}"
EndProject
Project("{FAE04EC0-301F-11D3-BF4B-00C04F79EFBC}") = "PLII.cv7", "PLII.cv7\PLII.cv7.csproj", "{0CBC20F2-81AE-4AC2-9151-E724ED7696F2}"
EndProject
Project("{FAE04EC0-301F-11D3-BF4B-00C04F79EFBC}") = "PLII.cv7.UI", "PLII.cv7.UI\PLII.cv7.UI.csproj", "{79440B85-E277-41F2-ADFF-0C2A10988AA9}"
EndProject
Project("{FAE04EC0-301F-11D3-BF4B-00C04F79EFBC}") = "PLII.cv8.UI", "PLII.cv8.UI\PLII.cv8.UI.csproj", "{B8A9A42C-9B33-46D0-A528-5EEB06988B95}"
EndProject
Project("{FAE04EC0-301F-11D3-BF4B-00C04F79EFBC}") = "PLII.cv8", "PLII.cv8\PLII.cv8.csproj", "{864277F9-E8F7-480A-AD91-0E3CB8379235}"
EndProject
Global
	GlobalSection(SolutionConfigurationPlatforms) = preSolution
		Debug|Any CPU = Debug|Any CPU
		Release|Any CPU = Release|Any CPU
	EndGlobalSection
	GlobalSection(ProjectConfigurationPlatforms) = postSolution
		{13F288B7-2AC5-4A68-8F5C-982552BD4C09}.Debug|Any CPU.ActiveCfg = Debug|Any CPU
		{13F288B7-2AC5-4A68-8F5C-982552BD4C09}.Debug|Any CPU.Build.0 = Debug|Any CPU
		{13F288B7-2AC5-4A68-8F5C-982552BD4C09}.Release|Any CPU.ActiveCfg = Release|Any CPU
		{13F288B7-2AC5-4A68-8F5C-982552BD4C09}.Release|Any CPU.Build.0 = Release|Any CPU
		{372C7D68-9C9F-49B1-8685-D1449145458D}.Debug|Any CPU.ActiveCfg = Debug|Any CPU
		{372C7D68-9C9F-49B1-8685-D1449145458D}.Debug|Any CPU.Build.0 = Debug|Any CPU
		{372C7D68-9C9F-49B1-8685-D1449145458D}.Release|Any CPU.ActiveCfg = Release|Any CPU
		{372C7D68-9C9F-49B1-8685-D1449145458D}.Release|Any CPU.Build.0 = Release|Any CPU
		{B12A1240-BB18-4822-A8AE-ADAC4E320C2F}.Debug|Any CPU.ActiveCfg = Debug|Any CPU
		{B12A1240-BB18-4822-A8AE-ADAC4E320C2F}.Debug|Any CPU.Build.0 = Debug|Any CPU
		{B12A1240-BB18-4822-A8AE-ADAC4E320C2F}.Release|Any CPU.ActiveCfg = Release|Any CPU
		{B12A1240-BB18-4822-A8AE-ADAC4E320C2F}.Release|Any CPU.Build.0 = Release|Any CPU
		{E168F71D-76D2-4D04-89A6-D7074165A3B3}.Debug|Any CPU.ActiveCfg = Debug|Any CPU
		{E168F71D-76D2-4D04-89A6-D7074165A3B3}.Debug|Any CPU.Build.0 = Debug|Any CPU
		{E168F71D-76D2-4D04-89A6-D7074165A3B3}.Release|Any CPU.ActiveCfg = Release|Any CPU
		{E168F71D-76D2-4D04-89A6-D7074165A3B3}.Release|Any CPU.Build.0 = Release|Any CPU
		{29A728B2-D16C-4F80-8F7B-787B917E4F04}.Debug|Any CPU.ActiveCfg = Debug|Any CPU
		{29A728B2-D16C-4F80-8F7B-787B917E4F04}.Debug|Any CPU.Build.0 = Debug|Any CPU
		{29A728B2-D16C-4F80-8F7B-787B917E4F04}.Release|Any CPU.ActiveCfg = Release|Any CPU
		{29A728B2-D16C-4F80-8F7B-787B917E4F04}.Release|Any CPU.Build.0 = Release|Any CPU
		{AB54F7A4-253B-4477-BD8B-8F8B2879D2FF}.Debug|Any CPU.ActiveCfg = Debug|Any CPU
		{AB54F7A4-253B-4477-BD8B-8F8B2879D2FF}.Debug|Any CPU.Build.0 = Debug|Any CPU
		{AB54F7A4-253B-4477-BD8B-8F8B2879D2FF}.Release|Any CPU.ActiveCfg = Release|Any CPU
		{AB54F7A4-253B-4477-BD8B-8F8B2879D2FF}.Release|Any CPU.Build.0 = Release|Any CPU
		{F144279B-C374-4F5A-BD3D-C53835AD1410}.Debug|Any CPU.ActiveCfg = Debug|Any CPU
		{F144279B-C374-4F5A-BD3D-C53835AD1410}.Debug|Any CPU.Build.0 = Debug|Any CPU
		{F144279B-C374-4F5A-BD3D-C53835AD1410}.Release|Any CPU.ActiveCfg = Release|Any CPU
		{F144279B-C374-4F5A-BD3D-C53835AD1410}.Release|Any CPU.Build.0 = Release|Any CPU
		{921A1DFA-C57B-488A-9B80-5E661327D9F1}.Debug|Any CPU.ActiveCfg = Debug|Any CPU
		{921A1DFA-C57B-488A-9B80-5E661327D9F1}.Debug|Any CPU.Build.0 = Debug|Any CPU
		{921A1DFA-C57B-488A-9B80-5E661327D9F1}.Release|Any CPU.ActiveCfg = Release|Any CPU
		{921A1DFA-C57B-488A-9B80-5E661327D9F1}.Release|Any CPU.Build.0 = Release|Any CPU
		{9FF1B468-A25D-4756-BAAA-B449EE1A2162}.Debug|Any CPU.ActiveCfg = Debug|Any CPU
		{9FF1B468-A25D-4756-BAAA-B449EE1A2162}.Debug|Any CPU.Build.0 = Debug|Any CPU
		{9FF1B468-A25D-4756-BAAA-B449EE1A2162}.Release|Any CPU.ActiveCfg = Release|Any CPU
		{9FF1B468-A25D-4756-BAAA-B449EE1A2162}.Release|Any CPU.Build.0 = Release|Any CPU
		{7EE3D807-8426-4C37-A0DE-974115EFC4A7}.Debug|Any CPU.ActiveCfg = Debug|Any CPU
		{7EE3D807-8426-4C37-A0DE-974115EFC4A7}.Debug|Any CPU.Build.0 = Debug|Any CPU
		{7EE3D807-8426-4C37-A0DE-974115EFC4A7}.Release|Any CPU.ActiveCfg = Release|Any CPU
		{7EE3D807-8426-4C37-A0DE-974115EFC4A7}.Release|Any CPU.Build.0 = Release|Any CPU
		{CEC38FD5-B602-4C5C-AE9C-27641612831E}.Debug|Any CPU.ActiveCfg = Debug|Any CPU
		{CEC38FD5-B602-4C5C-AE9C-27641612831E}.Debug|Any CPU.Build.0 = Debug|Any CPU
		{CEC38FD5-B602-4C5C-AE9C-27641612831E}.Release|Any CPU.ActiveCfg = Release|Any CPU
		{CEC38FD5-B602-4C5C-AE9C-27641612831E}.Release|Any CPU.Build.0 = Release|Any CPU
		{0CBC20F2-81AE-4AC2-9151-E724ED7696F2}.Debug|Any CPU.ActiveCfg = Debug|Any CPU
		{0CBC20F2-81AE-4AC2-9151-E724ED7696F2}.Debug|Any CPU.Build.0 = Debug|Any CPU
		{0CBC20F2-81AE-4AC2-9151-E724ED7696F2}.Release|Any CPU.ActiveCfg = Release|Any CPU
		{0CBC20F2-81AE-4AC2-9151-E724ED7696F2}.Release|Any CPU.Build.0 = Release|Any CPU
		{79440B85-E277-41F2-ADFF-0C2A10988AA9}.Debug|Any CPU.ActiveCfg = Debug|Any CPU
		{79440B85-E277-41F2-ADFF-0C2A10988AA9}.Debug|Any CPU.Build.0 = Debug|Any CPU
		{79440B85-E277-41F2-ADFF-0C2A10988AA9}.Release|Any CPU.ActiveCfg = Release|Any CPU
		{79440B85-E277-41F2-ADFF-0C2A10988AA9}.Release|Any CPU.Build.0 = Release|Any CPU
		{B8A9A42C-9B33-46D0-A528-5EEB06988B95}.Debug|Any CPU.ActiveCfg = Debug|Any CPU
		{B8A9A42C-9B33-46D0-A528-5EEB06988B95}.Debug|Any CPU.Build.0 = Debug|Any CPU
		{B8A9A42C-9B33-46D0-A528-5EEB06988B95}.Release|Any CPU.ActiveCfg = Release|Any CPU
		{B8A9A42C-9B33-46D0-A528-5EEB06988B95}.Release|Any CPU.Build.0 = Release|Any CPU
		{864277F9-E8F7-480A-AD91-0E3CB8379235}.Debug|Any CPU.ActiveCfg = Debug|Any CPU
		{864277F9-E8F7-480A-AD91-0E3CB8379235}.Debug|Any CPU.Build.0 = Debug|Any CPU
		{864277F9-E8F7-480A-AD91-0E3CB8379235}.Release|Any CPU.ActiveCfg = Release|Any CPU
		{864277F9-E8F7-480A-AD91-0E3CB8379235}.Release|Any CPU.Build.0 = Release|Any CPU
	EndGlobalSection
	GlobalSection(SolutionProperties) = preSolution
		HideSolutionNode = FALSE
	EndGlobalSection
	GlobalSection(ExtensibilityGlobals) = postSolution
		SolutionGuid = {EF03909A-4521-47FF-ADB7-C438E1E8F8E1}
	EndGlobalSection
EndGlobal
